{
  "name": "taskscheduler1",
  "version": "1.0.1",
  "lockfileVersion": 3,
  "requires": true,
  "packages": {
    "": {
      "name": "taskscheduler1",
      "version": "1.0.1",
      "license": "MIT",
      "dependencies": {
        "authenticationmiddleware12": "^1.0.1",
        "datavalidationlibrary": "^1.0.0"
      }
    },
    "node_modules/authenticationmiddleware12": {
      "version": "1.0.1",
      "resolved": "https://registry.npmjs.org/authenticationmiddleware12/-/authenticationmiddleware12-1.0.1.tgz",
      "integrity": "sha512-Bw3AyiZ6izpahfr2j4vuaLBUShVrPatsAkL3CscLqjOu/8GGGRHn0nkpbve66Yqq2e2AOTMCipjjZExvLgGq2w==",
      "dependencies": {
        "taskscheduler1": "^1.0.1"
      }
    },
    "node_modules/datavalidationlibrary": {
      "version": "1.0.0",
      "resolved": "https://registry.npmjs.org/datavalidationlibrary/-/datavalidationlibrary-1.0.0.tgz",
      "integrity": "sha512-DlpaOpll6lYJ8T8iJebcP/XWbQg0ZnCXU2Y0QtOMN0YbGp/xaM549gJQDuffKGwFYOWtH1eHLrGrhERReIlJQg=="
    },
    "node_modules/taskscheduler1": {
      "version": "1.0.1",
      "resolved": "https://registry.npmjs.org/taskscheduler1/-/taskscheduler1-1.0.1.tgz",
      "integrity": "sha512-Odqw0K4zBOw+YlCV1tH3S7ql8JOGmeI7Fgi6sWhUQ8n4kVkTZc/q1J6twgxy2y5GIz6fwkQFbNowUMdlug/FmQ==",
      "dependencies": {
        "datavalidationlibrary": "^1.0.0"
      }
    }
  }
}
