{
  "name": "taskscheduler1",
  "version": "1.0.0",
  "lockfileVersion": 3,
  "requires": true,
  "packages": {
    "": {
      "name": "taskscheduler1",
      "version": "1.0.0",
      "license": "MIT",
      "dependencies": {
        "datavalidationlibrary": "^1.0.0"
      }
    },
    "node_modules/datavalidationlibrary": {
      "version": "1.0.0",
      "resolved": "https://registry.npmjs.org/datavalidationlibrary/-/datavalidationlibrary-1.0.0.tgz",
      "integrity": "sha512-DlpaOpll6lYJ8T8iJebcP/XWbQg0ZnCXU2Y0QtOMN0YbGp/xaM549gJQDuffKGwFYOWtH1eHLrGrhERReIlJQg=="
    }
  }
}
